
Microsoft Visual Studio Solution File, Format Version 12.00
# Visual Studio Version 16
VisualStudioVersion = 16.0.31515.178
MinimumVisualStudioVersion = 10.0.40219.1
Project("{FAE04EC0-301F-11D3-BF4B-00C04F79EFBC}") = "Clientes", "Clientes\Clientes.csproj", "{38E92947-15A0-4B4E-8DEC-E8933193D320}"
EndProject
Global
	GlobalSection(SolutionConfigurationPlatforms) = preSolution
		Debug|Any CPU = Debug|Any CPU
		Release|Any CPU = Release|Any CPU
	EndGlobalSection
	GlobalSection(ProjectConfigurationPlatforms) = postSolution
		{38E92947-15A0-4B4E-8DEC-E8933193D320}.Debug|Any CPU.ActiveCfg = Debug|Any CPU
		{38E92947-15A0-4B4E-8DEC-E8933193D320}.Debug|Any CPU.Build.0 = Debug|Any CPU
		{38E92947-15A0-4B4E-8DEC-E8933193D320}.Release|Any CPU.ActiveCfg = Release|Any CPU
		{38E92947-15A0-4B4E-8DEC-E8933193D320}.Release|Any CPU.Build.0 = Release|Any CPU
	EndGlobalSection
	GlobalSection(SolutionProperties) = preSolution
		HideSolutionNode = FALSE
	EndGlobalSection
	GlobalSection(ExtensibilityGlobals) = postSolution
		SolutionGuid = {387CE356-09C0-4850-B780-2FD9050FCB47}
	EndGlobalSection
EndGlobal
